
Microsoft Visual Studio Solution File, Format Version 12.00
# Visual Studio Version 17
VisualStudioVersion = 17.11.35222.181
MinimumVisualStudioVersion = 10.0.40219.1
Project("{9A19103F-16F7-4668-BE54-9A1E7A4F7556}") = "ConsoleApp1", "ConsoleApp1\ConsoleApp1.csproj", "{368AB38A-4F95-4AB9-B9EA-BBED1BEF7D05}"
EndProject
Global
	GlobalSection(SolutionConfigurationPlatforms) = preSolution
		Debug|Any CPU = Debug|Any CPU
		Release|Any CPU = Release|Any CPU
	EndGlobalSection
	GlobalSection(ProjectConfigurationPlatforms) = postSolution
		{368AB38A-4F95-4AB9-B9EA-BBED1BEF7D05}.Debug|Any CPU.ActiveCfg = Debug|Any CPU
		{368AB38A-4F95-4AB9-B9EA-BBED1BEF7D05}.Debug|Any CPU.Build.0 = Debug|Any CPU
		{368AB38A-4F95-4AB9-B9EA-BBED1BEF7D05}.Release|Any CPU.ActiveCfg = Release|Any CPU
		{368AB38A-4F95-4AB9-B9EA-BBED1BEF7D05}.Release|Any CPU.Build.0 = Release|Any CPU
	EndGlobalSection
	GlobalSection(SolutionProperties) = preSolution
		HideSolutionNode = FALSE
	EndGlobalSection
	GlobalSection(ExtensibilityGlobals) = postSolution
		SolutionGuid = {8BEE9C05-8ECC-426F-8CB6-955265B6E706}
	EndGlobalSection
EndGlobal
